
Microsoft Visual Studio Solution File, Format Version 12.00
# Visual Studio Version 16
VisualStudioVersion = 16.0.30413.136
MinimumVisualStudioVersion = 10.0.40219.1
Project("{9A19103F-16F7-4668-BE54-9A1E7A4F7556}") = "AtCoder.ABC106.D", "AtCoder.ABC106.D\AtCoder.ABC106.D.csproj", "{3810299F-B5CD-44A7-AF96-96E7840A26B5}"
EndProject
Project("{9A19103F-16F7-4668-BE54-9A1E7A4F7556}") = "AtCoder.ABC106.D.Tests", "AtCoder.ABC106.D.Tests\AtCoder.ABC106.D.Tests.csproj", "{7BC7C506-B9FE-48C4-BAB5-9A71A7A10531}"
EndProject
Project("{9A19103F-16F7-4668-BE54-9A1E7A4F7556}") = "AtCoder.ABC106.C", "AtCoder.ABC106.C\AtCoder.ABC106.C.csproj", "{BD451B71-B7C7-4293-B06E-5FDD5FB74B82}"
EndProject
Project("{9A19103F-16F7-4668-BE54-9A1E7A4F7556}") = "AtCoder.ABC106.C.Tests", "AtCoder.ABC106.C.Tests\AtCoder.ABC106.C.Tests.csproj", "{4EFDC2A3-13F7-4FD0-92F5-3A4EF02693CB}"
EndProject
Project("{9A19103F-16F7-4668-BE54-9A1E7A4F7556}") = "AtCoder.ABC106.B", "AtCoder.ABC106.B\AtCoder.ABC106.B.csproj", "{FA5DFB66-BF71-4DAA-A4B9-1AD323D19986}"
EndProject
Project("{9A19103F-16F7-4668-BE54-9A1E7A4F7556}") = "AtCoder.ABC106.B.Tests", "AtCoder.ABC106.B.Tests\AtCoder.ABC106.B.Tests.csproj", "{65F89DA4-540A-4EC7-A9B4-4A4A709C9708}"
EndProject
Project("{9A19103F-16F7-4668-BE54-9A1E7A4F7556}") = "AtCoder.ABC107.D", "AtCoder.ABC107.D\AtCoder.ABC107.D.csproj", "{91EE7B90-E29B-4996-827F-E0DCABFE9372}"
EndProject
Project("{9A19103F-16F7-4668-BE54-9A1E7A4F7556}") = "AtCoder.ABC107.D.Tests", "AtCoder.ABC107.D.Tests\AtCoder.ABC107.D.Tests.csproj", "{0E456C69-8B6B-4218-B876-94A38A925CA3}"
EndProject
Project("{9A19103F-16F7-4668-BE54-9A1E7A4F7556}") = "AtCoder.ABC107.C", "AtCoder.ABC107.C\AtCoder.ABC107.C.csproj", "{DF9F81F0-1902-4E5D-B67B-8D80EA330B16}"
EndProject
Project("{9A19103F-16F7-4668-BE54-9A1E7A4F7556}") = "AtCoder.ABC107.C.Tests", "AtCoder.ABC107.C.Tests\AtCoder.ABC107.C.Tests.csproj", "{1E50A532-CAD2-4B02-9503-EA4D48DF3533}"
EndProject
Project("{2150E333-8FDC-42A3-9474-1A3956D46DE8}") = "ABC106", "ABC106", "{93273F1D-514C-4EAB-939B-618A04BB4D26}"
EndProject
Project("{2150E333-8FDC-42A3-9474-1A3956D46DE8}") = "ABC107", "ABC107", "{A239E467-CEDB-4D34-B5C2-DFDC59E6929E}"
EndProject
Global
	GlobalSection(SolutionConfigurationPlatforms) = preSolution
		Debug|Any CPU = Debug|Any CPU
		Release|Any CPU = Release|Any CPU
	EndGlobalSection
	GlobalSection(ProjectConfigurationPlatforms) = postSolution
		{3810299F-B5CD-44A7-AF96-96E7840A26B5}.Debug|Any CPU.ActiveCfg = Debug|Any CPU
		{3810299F-B5CD-44A7-AF96-96E7840A26B5}.Debug|Any CPU.Build.0 = Debug|Any CPU
		{3810299F-B5CD-44A7-AF96-96E7840A26B5}.Release|Any CPU.ActiveCfg = Release|Any CPU
		{3810299F-B5CD-44A7-AF96-96E7840A26B5}.Release|Any CPU.Build.0 = Release|Any CPU
		{7BC7C506-B9FE-48C4-BAB5-9A71A7A10531}.Debug|Any CPU.ActiveCfg = Debug|Any CPU
		{7BC7C506-B9FE-48C4-BAB5-9A71A7A10531}.Debug|Any CPU.Build.0 = Debug|Any CPU
		{7BC7C506-B9FE-48C4-BAB5-9A71A7A10531}.Release|Any CPU.ActiveCfg = Release|Any CPU
		{7BC7C506-B9FE-48C4-BAB5-9A71A7A10531}.Release|Any CPU.Build.0 = Release|Any CPU
		{BD451B71-B7C7-4293-B06E-5FDD5FB74B82}.Debug|Any CPU.ActiveCfg = Debug|Any CPU
		{BD451B71-B7C7-4293-B06E-5FDD5FB74B82}.Debug|Any CPU.Build.0 = Debug|Any CPU
		{BD451B71-B7C7-4293-B06E-5FDD5FB74B82}.Release|Any CPU.ActiveCfg = Release|Any CPU
		{BD451B71-B7C7-4293-B06E-5FDD5FB74B82}.Release|Any CPU.Build.0 = Release|Any CPU
		{4EFDC2A3-13F7-4FD0-92F5-3A4EF02693CB}.Debug|Any CPU.ActiveCfg = Debug|Any CPU
		{4EFDC2A3-13F7-4FD0-92F5-3A4EF02693CB}.Debug|Any CPU.Build.0 = Debug|Any CPU
		{4EFDC2A3-13F7-4FD0-92F5-3A4EF02693CB}.Release|Any CPU.ActiveCfg = Release|Any CPU
		{4EFDC2A3-13F7-4FD0-92F5-3A4EF02693CB}.Release|Any CPU.Build.0 = Release|Any CPU
		{FA5DFB66-BF71-4DAA-A4B9-1AD323D19986}.Debug|Any CPU.ActiveCfg = Debug|Any CPU
		{FA5DFB66-BF71-4DAA-A4B9-1AD323D19986}.Debug|Any CPU.Build.0 = Debug|Any CPU
		{FA5DFB66-BF71-4DAA-A4B9-1AD323D19986}.Release|Any CPU.ActiveCfg = Release|Any CPU
		{FA5DFB66-BF71-4DAA-A4B9-1AD323D19986}.Release|Any CPU.Build.0 = Release|Any CPU
		{65F89DA4-540A-4EC7-A9B4-4A4A709C9708}.Debug|Any CPU.ActiveCfg = Debug|Any CPU
		{65F89DA4-540A-4EC7-A9B4-4A4A709C9708}.Debug|Any CPU.Build.0 = Debug|Any CPU
		{65F89DA4-540A-4EC7-A9B4-4A4A709C9708}.Release|Any CPU.ActiveCfg = Release|Any CPU
		{65F89DA4-540A-4EC7-A9B4-4A4A709C9708}.Release|Any CPU.Build.0 = Release|Any CPU
		{91EE7B90-E29B-4996-827F-E0DCABFE9372}.Debug|Any CPU.ActiveCfg = Debug|Any CPU
		{91EE7B90-E29B-4996-827F-E0DCABFE9372}.Debug|Any CPU.Build.0 = Debug|Any CPU
		{91EE7B90-E29B-4996-827F-E0DCABFE9372}.Release|Any CPU.ActiveCfg = Release|Any CPU
		{91EE7B90-E29B-4996-827F-E0DCABFE9372}.Release|Any CPU.Build.0 = Release|Any CPU
		{0E456C69-8B6B-4218-B876-94A38A925CA3}.Debug|Any CPU.ActiveCfg = Debug|Any CPU
		{0E456C69-8B6B-4218-B876-94A38A925CA3}.Debug|Any CPU.Build.0 = Debug|Any CPU
		{0E456C69-8B6B-4218-B876-94A38A925CA3}.Release|Any CPU.ActiveCfg = Release|Any CPU
		{0E456C69-8B6B-4218-B876-94A38A925CA3}.Release|Any CPU.Build.0 = Release|Any CPU
		{DF9F81F0-1902-4E5D-B67B-8D80EA330B16}.Debug|Any CPU.ActiveCfg = Debug|Any CPU
		{DF9F81F0-1902-4E5D-B67B-8D80EA330B16}.Debug|Any CPU.Build.0 = Debug|Any CPU
		{DF9F81F0-1902-4E5D-B67B-8D80EA330B16}.Release|Any CPU.ActiveCfg = Release|Any CPU
		{DF9F81F0-1902-4E5D-B67B-8D80EA330B16}.Release|Any CPU.Build.0 = Release|Any CPU
		{1E50A532-CAD2-4B02-9503-EA4D48DF3533}.Debug|Any CPU.ActiveCfg = Debug|Any CPU
		{1E50A532-CAD2-4B02-9503-EA4D48DF3533}.Debug|Any CPU.Build.0 = Debug|Any CPU
		{1E50A532-CAD2-4B02-9503-EA4D48DF3533}.Release|Any CPU.ActiveCfg = Release|Any CPU
		{1E50A532-CAD2-4B02-9503-EA4D48DF3533}.Release|Any CPU.Build.0 = Release|Any CPU
	EndGlobalSection
	GlobalSection(SolutionProperties) = preSolution
		HideSolutionNode = FALSE
	EndGlobalSection
	GlobalSection(NestedProjects) = preSolution
		{3810299F-B5CD-44A7-AF96-96E7840A26B5} = {93273F1D-514C-4EAB-939B-618A04BB4D26}
		{7BC7C506-B9FE-48C4-BAB5-9A71A7A10531} = {93273F1D-514C-4EAB-939B-618A04BB4D26}
		{BD451B71-B7C7-4293-B06E-5FDD5FB74B82} = {93273F1D-514C-4EAB-939B-618A04BB4D26}
		{4EFDC2A3-13F7-4FD0-92F5-3A4EF02693CB} = {93273F1D-514C-4EAB-939B-618A04BB4D26}
		{FA5DFB66-BF71-4DAA-A4B9-1AD323D19986} = {93273F1D-514C-4EAB-939B-618A04BB4D26}
		{65F89DA4-540A-4EC7-A9B4-4A4A709C9708} = {93273F1D-514C-4EAB-939B-618A04BB4D26}
		{91EE7B90-E29B-4996-827F-E0DCABFE9372} = {A239E467-CEDB-4D34-B5C2-DFDC59E6929E}
		{0E456C69-8B6B-4218-B876-94A38A925CA3} = {A239E467-CEDB-4D34-B5C2-DFDC59E6929E}
		{DF9F81F0-1902-4E5D-B67B-8D80EA330B16} = {A239E467-CEDB-4D34-B5C2-DFDC59E6929E}
		{1E50A532-CAD2-4B02-9503-EA4D48DF3533} = {A239E467-CEDB-4D34-B5C2-DFDC59E6929E}
	EndGlobalSection
	GlobalSection(ExtensibilityGlobals) = postSolution
		SolutionGuid = {A6AA6C42-FFD1-426A-950B-972D1EE94486}
	EndGlobalSection
EndGlobal
